
Microsoft Visual Studio Solution File, Format Version 12.00
# Visual Studio Version 16
VisualStudioVersion = 16.0.29911.84
MinimumVisualStudioVersion = 10.0.40219.1
Project("{FAE04EC0-301F-11D3-BF4B-00C04F79EFBC}") = "EnumeratingCollections", "EnumeratingCollections\EnumeratingCollections.csproj", "{0F93C13D-6D09-448C-AEED-D77D7429946C}"
EndProject
Global
	GlobalSection(SolutionConfigurationPlatforms) = preSolution
		Debug|Any CPU = Debug|Any CPU
		Release|Any CPU = Release|Any CPU
	EndGlobalSection
	GlobalSection(ProjectConfigurationPlatforms) = postSolution
		{0F93C13D-6D09-448C-AEED-D77D7429946C}.Debug|Any CPU.ActiveCfg = Debug|Any CPU
		{0F93C13D-6D09-448C-AEED-D77D7429946C}.Debug|Any CPU.Build.0 = Debug|Any CPU
		{0F93C13D-6D09-448C-AEED-D77D7429946C}.Release|Any CPU.ActiveCfg = Release|Any CPU
		{0F93C13D-6D09-448C-AEED-D77D7429946C}.Release|Any CPU.Build.0 = Release|Any CPU
	EndGlobalSection
	GlobalSection(SolutionProperties) = preSolution
		HideSolutionNode = FALSE
	EndGlobalSection
	GlobalSection(ExtensibilityGlobals) = postSolution
		SolutionGuid = {632C5D56-E3B5-4D5D-8F51-A08B802828D8}
	EndGlobalSection
EndGlobal
